// !$*UTF8*$!
{
	archiveVersion = 1;
	classes = {
	};
	objectVersion = 46;
	objects = {

/* Begin PBXBuildFile section */
		CD76A2691A6A54B10001BD69 /* AppDelegate.swift in Sources */ = {isa = PBXBuildFile; fileRef = CD76A2681A6A54B10001BD69 /* AppDelegate.swift */; };
		CD76A26B1A6A54B10001BD69 /* FirstViewController.swift in Sources */ = {isa = PBXBuildFile; fileRef = CD76A26A1A6A54B10001BD69 /* FirstViewController.swift */; };
		CD76A26D1A6A54B10001BD69 /* SecondViewController.swift in Sources */ = {isa = PBXBuildFile; fileRef = CD76A26C1A6A54B10001BD69 /* SecondViewController.swift */; };
		CD76A2701A6A54B10001BD69 /* Main.storyboard in Resources */ = {isa = PBXBuildFile; fileRef = CD76A26E1A6A54B10001BD69 /* Main.storyboard */; };
		CD76A2721A6A54B10001BD69 /* Images.xcassets in Resources */ = {isa = PBXBuildFile; fileRef = CD76A2711A6A54B10001BD69 /* Images.xcassets */; };
		CD76A2751A6A54B10001BD69 /* LaunchScreen.xib in Resources */ = {isa = PBXBuildFile; fileRef = CD76A2731A6A54B10001BD69 /* LaunchScreen.xib */; };
		CD76A2811A6A54B10001BD69 /* Motion_PortTests.swift in Sources */ = {isa = PBXBuildFile; fileRef = CD76A2801A6A54B10001BD69 /* Motion_PortTests.swift */; };
		CD76A28B1A6A68410001BD69 /* xValueTableViewCell.swift in Sources */ = {isa = PBXBuildFile; fileRef = CD76A28A1A6A68410001BD69 /* xValueTableViewCell.swift */; };
		CD76A2921A6A6E7A0001BD69 /* ysocket.swift in Sources */ = {isa = PBXBuildFile; fileRef = CD76A28D1A6A6E7A0001BD69 /* ysocket.swift */; };
		CD76A2931A6A6E7A0001BD69 /* ytcpsocket.c in Sources */ = {isa = PBXBuildFile; fileRef = CD76A28E1A6A6E7A0001BD69 /* ytcpsocket.c */; };
		CD76A2941A6A6E7A0001BD69 /* ytcpsocket.swift in Sources */ = {isa = PBXBuildFile; fileRef = CD76A28F1A6A6E7A0001BD69 /* ytcpsocket.swift */; };
		CD76A2951A6A6E7A0001BD69 /* yudpsocket.c in Sources */ = {isa = PBXBuildFile; fileRef = CD76A2901A6A6E7A0001BD69 /* yudpsocket.c */; };
		CD76A2961A6A6E7A0001BD69 /* yudpsocket.swift in Sources */ = {isa = PBXBuildFile; fileRef = CD76A2911A6A6E7A0001BD69 /* yudpsocket.swift */; };
		CD76A2981A6AA4320001BD69 /* TabBarController.swift in Sources */ = {isa = PBXBuildFile; fileRef = CD76A2971A6AA4320001BD69 /* TabBarController.swift */; };
/* End PBXBuildFile section */

/* Begin PBXContainerItemProxy section */
		CD76A27B1A6A54B10001BD69 /* PBXContainerItemProxy */ = {
			isa = PBXContainerItemProxy;
			containerPortal = CD76A25B1A6A54B10001BD69 /* Project object */;
			proxyType = 1;
			remoteGlobalIDString = CD76A2621A6A54B10001BD69;
			remoteInfo = "Motion Port";
		};
/* End PBXContainerItemProxy section */

/* Begin PBXFileReference section */
		CD76A2631A6A54B10001BD69 /* Motion Port.app */ = {isa = PBXFileReference; explicitFileType = wrapper.application; includeInIndex = 0; path = "Motion Port.app"; sourceTree = BUILT_PRODUCTS_DIR; };
		CD76A2671A6A54B10001BD69 /* Info.plist */ = {isa = PBXFileReference; lastKnownFileType = text.plist.xml; path = Info.plist; sourceTree = "<group>"; };
		CD76A2681A6A54B10001BD69 /* AppDelegate.swift */ = {isa = PBXFileReference; lastKnownFileType = sourcecode.swift; path = AppDelegate.swift; sourceTree = "<group>"; };
		CD76A26A1A6A54B10001BD69 /* FirstViewController.swift */ = {isa = PBXFileReference; lastKnownFileType = sourcecode.swift; path = FirstViewController.swift; sourceTree = "<group>"; };
		CD76A26C1A6A54B10001BD69 /* SecondViewController.swift */ = {isa = PBXFileReference; lastKnownFileType = sourcecode.swift; path = SecondViewController.swift; sourceTree = "<group>"; };
		CD76A26F1A6A54B10001BD69 /* Base */ = {isa = PBXFileReference; lastKnownFileType = file.storyboard; name = Base; path = Base.lproj/Main.storyboard; sourceTree = "<group>"; };
		CD76A2711A6A54B10001BD69 /* Images.xcassets */ = {isa = PBXFileReference; lastKnownFileType = folder.assetcatalog; path = Images.xcassets; sourceTree = "<group>"; };
		CD76A2741A6A54B10001BD69 /* Base */ = {isa = PBXFileReference; lastKnownFileType = file.xib; name = Base; path = Base.lproj/LaunchScreen.xib; sourceTree = "<group>"; };
		CD76A27A1A6A54B10001BD69 /* Motion PortTests.xctest */ = {isa = PBXFileReference; explicitFileType = wrapper.cfbundle; includeInIndex = 0; path = "Motion PortTests.xctest"; sourceTree = BUILT_PRODUCTS_DIR; };
		CD76A27F1A6A54B10001BD69 /* Info.plist */ = {isa = PBXFileReference; lastKnownFileType = text.plist.xml; path = Info.plist; sourceTree = "<group>"; };
		CD76A2801A6A54B10001BD69 /* Motion_PortTests.swift */ = {isa = PBXFileReference; lastKnownFileType = sourcecode.swift; path = Motion_PortTests.swift; sourceTree = "<group>"; };
		CD76A28A1A6A68410001BD69 /* xValueTableViewCell.swift */ = {isa = PBXFileReference; fileEncoding = 4; lastKnownFileType = sourcecode.swift; path = xValueTableViewCell.swift; sourceTree = "<group>"; };
		CD76A28D1A6A6E7A0001BD69 /* ysocket.swift */ = {isa = PBXFileReference; fileEncoding = 4; lastKnownFileType = sourcecode.swift; path = ysocket.swift; sourceTree = "<group>"; };
		CD76A28E1A6A6E7A0001BD69 /* ytcpsocket.c */ = {isa = PBXFileReference; fileEncoding = 4; lastKnownFileType = sourcecode.c.c; path = ytcpsocket.c; sourceTree = "<group>"; };
		CD76A28F1A6A6E7A0001BD69 /* ytcpsocket.swift */ = {isa = PBXFileReference; fileEncoding = 4; lastKnownFileType = sourcecode.swift; path = ytcpsocket.swift; sourceTree = "<group>"; };
		CD76A2901A6A6E7A0001BD69 /* yudpsocket.c */ = {isa = PBXFileReference; fileEncoding = 4; lastKnownFileType = sourcecode.c.c; path = yudpsocket.c; sourceTree = "<group>"; };
		CD76A2911A6A6E7A0001BD69 /* yudpsocket.swift */ = {isa = PBXFileReference; fileEncoding = 4; lastKnownFileType = sourcecode.swift; path = yudpsocket.swift; sourceTree = "<group>"; };
		CD76A2971A6AA4320001BD69 /* TabBarController.swift */ = {isa = PBXFileReference; fileEncoding = 4; lastKnownFileType = sourcecode.swift; path = TabBarController.swift; sourceTree = "<group>"; };
/* End PBXFileReference section */

/* Begin PBXFrameworksBuildPhase section */
		CD76A2601A6A54B10001BD69 /* Frameworks */ = {
			isa = PBXFrameworksBuildPhase;
			buildActionMask = 2147483647;
			files = (
			);
			runOnlyForDeploymentPostprocessing = 0;
		};
		CD76A2771A6A54B10001BD69 /* Frameworks */ = {
			isa = PBXFrameworksBuildPhase;
			buildActionMask = 2147483647;
			files = (
			);
			runOnlyForDeploymentPostprocessing = 0;
		};
/* End PBXFrameworksBuildPhase section */

/* Begin PBXGroup section */
		CD76A25A1A6A54B10001BD69 = {
			isa = PBXGroup;
			children = (
				CD76A2651A6A54B10001BD69 /* Motion Port */,
				CD76A27D1A6A54B10001BD69 /* Motion PortTests */,
				CD76A2641A6A54B10001BD69 /* Products */,
			);
			sourceTree = "<group>";
		};
		CD76A2641A6A54B10001BD69 /* Products */ = {
			isa = PBXGroup;
			children = (
				CD76A2631A6A54B10001BD69 /* Motion Port.app */,
				CD76A27A1A6A54B10001BD69 /* Motion PortTests.xctest */,
			);
			name = Products;
			sourceTree = "<group>";
		};
		CD76A2651A6A54B10001BD69 /* Motion Port */ = {
			isa = PBXGroup;
			children = (
				CD76A28C1A6A6E7A0001BD69 /* ysocket */,
				CD76A2681A6A54B10001BD69 /* AppDelegate.swift */,
				CD76A2971A6AA4320001BD69 /* TabBarController.swift */,
				CD76A26A1A6A54B10001BD69 /* FirstViewController.swift */,
				CD76A26C1A6A54B10001BD69 /* SecondViewController.swift */,
				CD76A28A1A6A68410001BD69 /* xValueTableViewCell.swift */,
				CD76A26E1A6A54B10001BD69 /* Main.storyboard */,
				CD76A2711A6A54B10001BD69 /* Images.xcassets */,
				CD76A2731A6A54B10001BD69 /* LaunchScreen.xib */,
				CD76A2661A6A54B10001BD69 /* Supporting Files */,
			);
			path = "Motion Port";
			sourceTree = "<group>";
		};
		CD76A2661A6A54B10001BD69 /* Supporting Files */ = {
			isa = PBXGroup;
			children = (
				CD76A2671A6A54B10001BD69 /* Info.plist */,
			);
			name = "Supporting Files";
			sourceTree = "<group>";
		};
		CD76A27D1A6A54B10001BD69 /* Motion PortTests */ = {
			isa = PBXGroup;
			children = (
				CD76A2801A6A54B10001BD69 /* Motion_PortTests.swift */,
				CD76A27E1A6A54B10001BD69 /* Supporting Files */,
			);
			path = "Motion PortTests";
			sourceTree = "<group>";
		};
		CD76A27E1A6A54B10001BD69 /* Supporting Files */ = {
			isa = PBXGroup;
			children = (
				CD76A27F1A6A54B10001BD69 /* Info.plist */,
			);
			name = "Supporting Files";
			sourceTree = "<group>";
		};
		CD76A28C1A6A6E7A0001BD69 /* ysocket */ = {
			isa = PBXGroup;
			children = (
				CD76A28D1A6A6E7A0001BD69 /* ysocket.swift */,
				CD76A28E1A6A6E7A0001BD69 /* ytcpsocket.c */,
				CD76A28F1A6A6E7A0001BD69 /* ytcpsocket.swift */,
				CD76A2901A6A6E7A0001BD69 /* yudpsocket.c */,
				CD76A2911A6A6E7A0001BD69 /* yudpsocket.swift */,
			);
			path = ysocket;
			sourceTree = "<group>";
		};
/* End PBXGroup section */

/* Begin PBXNativeTarget section */
		CD76A2621A6A54B10001BD69 /* Motion Port */ = {
			isa = PBXNativeTarget;
			buildConfigurationList = CD76A2841A6A54B10001BD69 /* Build configuration list for PBXNativeTarget "Motion Port" */;
			buildPhases = (
				CD76A25F1A6A54B10001BD69 /* Sources */,
				CD76A2601A6A54B10001BD69 /* Frameworks */,
				CD76A2611A6A54B10001BD69 /* Resources */,
			);
			buildRules = (
			);
			dependencies = (
			);
			name = "Motion Port";
			productName = "Motion Port";
			productReference = CD76A2631A6A54B10001BD69 /* Motion Port.app */;
			productType = "com.apple.product-type.application";
		};
		CD76A2791A6A54B10001BD69 /* Motion PortTests */ = {
			isa = PBXNativeTarget;
			buildConfigurationList = CD76A2871A6A54B10001BD69 /* Build configuration list for PBXNativeTarget "Motion PortTests" */;
			buildPhases = (
				CD76A2761A6A54B10001BD69 /* Sources */,
				CD76A2771A6A54B10001BD69 /* Frameworks */,
				CD76A2781A6A54B10001BD69 /* Resources */,
			);
			buildRules = (
			);
			dependencies = (
				CD76A27C1A6A54B10001BD69 /* PBXTargetDependency */,
			);
			name = "Motion PortTests";
			productName = "Motion PortTests";
			productReference = CD76A27A1A6A54B10001BD69 /* Motion PortTests.xctest */;
			productType = "com.apple.product-type.bundle.unit-test";
		};
/* End PBXNativeTarget section */

/* Begin PBXProject section */
		CD76A25B1A6A54B10001BD69 /* Project object */ = {
			isa = PBXProject;
			attributes = {
				LastUpgradeCheck = 0610;
				ORGANIZATIONNAME = "Junyuan Hong";
				TargetAttributes = {
					CD76A2621A6A54B10001BD69 = {
						CreatedOnToolsVersion = 6.1.1;
					};
					CD76A2791A6A54B10001BD69 = {
						CreatedOnToolsVersion = 6.1.1;
						TestTargetID = CD76A2621A6A54B10001BD69;
					};
				};
			};
			buildConfigurationList = CD76A25E1A6A54B10001BD69 /* Build configuration list for PBXProject "Motion Port" */;
			compatibilityVersion = "Xcode 3.2";
			developmentRegion = English;
			hasScannedForEncodings = 0;
			knownRegions = (
				en,
				Base,
			);
			mainGroup = CD76A25A1A6A54B10001BD69;
			productRefGroup = CD76A2641A6A54B10001BD69 /* Products */;
			projectDirPath = "";
			projectRoot = "";
			targets = (
				CD76A2621A6A54B10001BD69 /* Motion Port */,
				CD76A2791A6A54B10001BD69 /* Motion PortTests */,
			);
		};
/* End PBXProject section */

/* Begin PBXResourcesBuildPhase section */
		CD76A2611A6A54B10001BD69 /* Resources */ = {
			isa = PBXResourcesBuildPhase;
			buildActionMask = 2147483647;
			files = (
				CD76A2701A6A54B10001BD69 /* Main.storyboard in Resources */,
				CD76A2751A6A54B10001BD69 /* LaunchScreen.xib in Resources */,
				CD76A2721A6A54B10001BD69 /* Images.xcassets in Resources */,
			);
			runOnlyForDeploymentPostprocessing = 0;
		};
		CD76A2781A6A54B10001BD69 /* Resources */ = {
			isa = PBXResourcesBuildPhase;
			buildActionMask = 2147483647;
			files = (
			);
			runOnlyForDeploymentPostprocessing = 0;
		};
/* End PBXResourcesBuildPhase section */

/* Begin PBXSourcesBuildPhase section */
		CD76A25F1A6A54B10001BD69 /* Sources */ = {
			isa = PBXSourcesBuildPhase;
			buildActionMask = 2147483647;
			files = (
				CD76A2951A6A6E7A0001BD69 /* yudpsocket.c in Sources */,
				CD76A28B1A6A68410001BD69 /* xValueTableViewCell.swift in Sources */,
				CD76A26D1A6A54B10001BD69 /* SecondViewController.swift in Sources */,
				CD76A2981A6AA4320001BD69 /* TabBarController.swift in Sources */,
				CD76A2691A6A54B10001BD69 /* AppDelegate.swift in Sources */,
				CD76A2921A6A6E7A0001BD69 /* ysocket.swift in Sources */,
				CD76A2931A6A6E7A0001BD69 /* ytcpsocket.c in Sources */,
				CD76A2961A6A6E7A0001BD69 /* yudpsocket.swift in Sources */,
				CD76A2941A6A6E7A0001BD69 /* ytcpsocket.swift in Sources */,
				CD76A26B1A6A54B10001BD69 /* FirstViewController.swift in Sources */,
			);
			runOnlyForDeploymentPostprocessing = 0;
		};
		CD76A2761A6A54B10001BD69 /* Sources */ = {
			isa = PBXSourcesBuildPhase;
			buildActionMask = 2147483647;
			files = (
				CD76A2811A6A54B10001BD69 /* Motion_PortTests.swift in Sources */,
			);
			runOnlyForDeploymentPostprocessing = 0;
		};
/* End PBXSourcesBuildPhase section */

/* Begin PBXTargetDependency section */
		CD76A27C1A6A54B10001BD69 /* PBXTargetDependency */ = {
			isa = PBXTargetDependency;
			target = CD76A2621A6A54B10001BD69 /* Motion Port */;
			targetProxy = CD76A27B1A6A54B10001BD69 /* PBXContainerItemProxy */;
		};
/* End PBXTargetDependency section */

/* Begin PBXVariantGroup section */
		CD76A26E1A6A54B10001BD69 /* Main.storyboard */ = {
			isa = PBXVariantGroup;
			children = (
				CD76A26F1A6A54B10001BD69 /* Base */,
			);
			name = Main.storyboard;
			sourceTree = "<group>";
		};
		CD76A2731A6A54B10001BD69 /* LaunchScreen.xib */ = {
			isa = PBXVariantGroup;
			children = (
				CD76A2741A6A54B10001BD69 /* Base */,
			);
			name = LaunchScreen.xib;
			sourceTree = "<group>";
		};
/* End PBXVariantGroup section */

/* Begin XCBuildConfiguration section */
		CD76A2821A6A54B10001BD69 /* Debug */ = {
			isa = XCBuildConfiguration;
			buildSettings = {
				ALWAYS_SEARCH_USER_PATHS = NO;
				CLANG_CXX_LANGUAGE_STANDARD = "gnu++0x";
				CLANG_CXX_LIBRARY = "libc++";
				CLANG_ENABLE_MODULES = YES;
				CLANG_ENABLE_OBJC_ARC = YES;
				CLANG_WARN_BOOL_CONVERSION = YES;
				CLANG_WARN_CONSTANT_CONVERSION = YES;
				CLANG_WARN_DIRECT_OBJC_ISA_USAGE = YES_ERROR;
				CLANG_WARN_EMPTY_BODY = YES;
				CLANG_WARN_ENUM_CONVERSION = YES;
				CLANG_WARN_INT_CONVERSION = YES;
				CLANG_WARN_OBJC_ROOT_CLASS = YES_ERROR;
				CLANG_WARN_UNREACHABLE_CODE = YES;
				CLANG_WARN__DUPLICATE_METHOD_MATCH = YES;
				"CODE_SIGN_IDENTITY[sdk=iphoneos*]" = "iPhone Developer";
				COPY_PHASE_STRIP = NO;
				ENABLE_STRICT_OBJC_MSGSEND = YES;
				GCC_C_LANGUAGE_STANDARD = gnu99;
				GCC_DYNAMIC_NO_PIC = NO;
				GCC_OPTIMIZATION_LEVEL = 0;
				GCC_PREPROCESSOR_DEFINITIONS = (
					"DEBUG=1",
					"$(inherited)",
				);
				GCC_SYMBOLS_PRIVATE_EXTERN = NO;
				GCC_WARN_64_TO_32_BIT_CONVERSION = YES;
				GCC_WARN_ABOUT_RETURN_TYPE = YES_ERROR;
				GCC_WARN_UNDECLARED_SELECTOR = YES;
				GCC_WARN_UNINITIALIZED_AUTOS = YES_AGGRESSIVE;
				GCC_WARN_UNUSED_FUNCTION = YES;
				GCC_WARN_UNUSED_VARIABLE = YES;
				IPHONEOS_DEPLOYMENT_TARGET = 8.1;
				MTL_ENABLE_DEBUG_INFO = YES;
				ONLY_ACTIVE_ARCH = YES;
				SDKROOT = iphoneos;
				SWIFT_OPTIMIZATION_LEVEL = "-Onone";
			};
			name = Debug;
		};
		CD76A2831A6A54B10001BD69 /* Release */ = {
			isa = XCBuildConfiguration;
			buildSettings = {
				ALWAYS_SEARCH_USER_PATHS = NO;
				CLANG_CXX_LANGUAGE_STANDARD = "gnu++0x";
				CLANG_CXX_LIBRARY = "libc++";
				CLANG_ENABLE_MODULES = YES;
				CLANG_ENABLE_OBJC_ARC = YES;
				CLANG_WARN_BOOL_CONVERSION = YES;
				CLANG_WARN_CONSTANT_CONVERSION = YES;
				CLANG_WARN_DIRECT_OBJC_ISA_USAGE = YES_ERROR;
				CLANG_WARN_EMPTY_BODY = YES;
				CLANG_WARN_ENUM_CONVERSION = YES;
				CLANG_WARN_INT_CONVERSION = YES;
				CLANG_WARN_OBJC_ROOT_CLASS = YES_ERROR;
				CLANG_WARN_UNREACHABLE_CODE = YES;
				CLANG_WARN__DUPLICATE_METHOD_MATCH = YES;
				"CODE_SIGN_IDENTITY[sdk=iphoneos*]" = "iPhone Developer";
				COPY_PHASE_STRIP = YES;
				ENABLE_NS_ASSERTIONS = NO;
				ENABLE_STRICT_OBJC_MSGSEND = YES;
				GCC_C_LANGUAGE_STANDARD = gnu99;
				GCC_WARN_64_TO_32_BIT_CONVERSION = YES;
				GCC_WARN_ABOUT_RETURN_TYPE = YES_ERROR;
				GCC_WARN_UNDECLARED_SELECTOR = YES;
				GCC_WARN_UNINITIALIZED_AUTOS = YES_AGGRESSIVE;
				GCC_WARN_UNUSED_FUNCTION = YES;
				GCC_WARN_UNUSED_VARIABLE = YES;
				IPHONEOS_DEPLOYMENT_TARGET = 8.1;
				MTL_ENABLE_DEBUG_INFO = NO;
				SDKROOT = iphoneos;
				VALIDATE_PRODUCT = YES;
			};
			name = Release;
		};
		CD76A2851A6A54B10001BD69 /* Debug */ = {
			isa = XCBuildConfiguration;
			buildSettings = {
				ASSETCATALOG_COMPILER_APPICON_NAME = AppIcon;
				INFOPLIST_FILE = "Motion Port/Info.plist";
				LD_RUNPATH_SEARCH_PATHS = "$(inherited) @executable_path/Frameworks";
				PRODUCT_NAME = "$(TARGET_NAME)";
			};
			name = Debug;
		};
		CD76A2861A6A54B10001BD69 /* Release */ = {
			isa = XCBuildConfiguration;
			buildSettings = {
				ASSETCATALOG_COMPILER_APPICON_NAME = AppIcon;
				INFOPLIST_FILE = "Motion Port/Info.plist";
				LD_RUNPATH_SEARCH_PATHS = "$(inherited) @executable_path/Frameworks";
				PRODUCT_NAME = "$(TARGET_NAME)";
			};
			name = Release;
		};
		CD76A2881A6A54B10001BD69 /* Debug */ = {
			isa = XCBuildConfiguration;
			buildSettings = {
				BUNDLE_LOADER = "$(TEST_HOST)";
				FRAMEWORK_SEARCH_PATHS = (
					"$(SDKROOT)/Developer/Library/Frameworks",
					"$(inherited)",
				);
				GCC_PREPROCESSOR_DEFINITIONS = (
					"DEBUG=1",
					"$(inherited)",
				);
				INFOPLIST_FILE = "Motion PortTests/Info.plist";
				LD_RUNPATH_SEARCH_PATHS = "$(inherited) @executable_path/Frameworks @loader_path/Frameworks";
				PRODUCT_NAME = "$(TARGET_NAME)";
				TEST_HOST = "$(BUILT_PRODUCTS_DIR)/Motion Port.app/Motion Port";
			};
			name = Debug;
		};
		CD76A2891A6A54B10001BD69 /* Release */ = {
			isa = XCBuildConfiguration;
			buildSettings = {
				BUNDLE_LOADER = "$(TEST_HOST)";
				FRAMEWORK_SEARCH_PATHS = (
					"$(SDKROOT)/Developer/Library/Frameworks",
					"$(inherited)",
				);
				INFOPLIST_FILE = "Motion PortTests/Info.plist";
				LD_RUNPATH_SEARCH_PATHS = "$(inherited) @executable_path/Frameworks @loader_path/Frameworks";
				PRODUCT_NAME = "$(TARGET_NAME)";
				TEST_HOST = "$(BUILT_PRODUCTS_DIR)/Motion Port.app/Motion Port";
			};
			name = Release;
		};
/* End XCBuildConfiguration section */

/* Begin XCConfigurationList section */
		CD76A25E1A6A54B10001BD69 /* Build configuration list for PBXProject "Motion Port" */ = {
			isa = XCConfigurationList;
			buildConfigurations = (
				CD76A2821A6A54B10001BD69 /* Debug */,
				CD76A2831A6A54B10001BD69 /* Release */,
			);
			defaultConfigurationIsVisible = 0;
			defaultConfigurationName = Release;
		};
		CD76A2841A6A54B10001BD69 /* Build configuration list for PBXNativeTarget "Motion Port" */ = {
			isa = XCConfigurationList;
			buildConfigurations = (
				CD76A2851A6A54B10001BD69 /* Debug */,
				CD76A2861A6A54B10001BD69 /* Release */,
			);
			defaultConfigurationIsVisible = 0;
			defaultConfigurationName = Release;
		};
		CD76A2871A6A54B10001BD69 /* Build configuration list for PBXNativeTarget "Motion PortTests" */ = {
			isa = XCConfigurationList;
			buildConfigurations = (
				CD76A2881A6A54B10001BD69 /* Debug */,
				CD76A2891A6A54B10001BD69 /* Release */,
			);
			defaultConfigurationIsVisible = 0;
			defaultConfigurationName = Release;
		};
/* End XCConfigurationList section */
	};
	rootObject = CD76A25B1A6A54B10001BD69 /* Project object */;
}
